
Microsoft Visual Studio Solution File, Format Version 12.00
# Visual Studio Version 17
VisualStudioVersion = 17.1.32228.430
MinimumVisualStudioVersion = 10.0.40219.1
Project("{FAE04EC0-301F-11D3-BF4B-00C04F79EFBC}") = "BinarySearchTreeDataStructure", "BinaryTreeDataStructure\BinarySearchTreeDataStructure.csproj", "{A7302F9D-6A40-4D3B-A227-DE231AF5FAA1}"
EndProject
Global
	GlobalSection(SolutionConfigurationPlatforms) = preSolution
		Debug|Any CPU = Debug|Any CPU
		Release|Any CPU = Release|Any CPU
	EndGlobalSection
	GlobalSection(ProjectConfigurationPlatforms) = postSolution
		{A7302F9D-6A40-4D3B-A227-DE231AF5FAA1}.Debug|Any CPU.ActiveCfg = Debug|Any CPU
		{A7302F9D-6A40-4D3B-A227-DE231AF5FAA1}.Debug|Any CPU.Build.0 = Debug|Any CPU
		{A7302F9D-6A40-4D3B-A227-DE231AF5FAA1}.Release|Any CPU.ActiveCfg = Release|Any CPU
		{A7302F9D-6A40-4D3B-A227-DE231AF5FAA1}.Release|Any CPU.Build.0 = Release|Any CPU
	EndGlobalSection
	GlobalSection(SolutionProperties) = preSolution
		HideSolutionNode = FALSE
	EndGlobalSection
	GlobalSection(ExtensibilityGlobals) = postSolution
		SolutionGuid = {8DF9D8E3-2B1D-4015-A0CB-B321B2AB1F2A}
	EndGlobalSection
EndGlobal
